
Microsoft Visual Studio Solution File, Format Version 12.00
# Visual Studio Version 16
VisualStudioVersion = 16.0.30907.101
MinimumVisualStudioVersion = 10.0.40219.1
Project("{FAE04EC0-301F-11D3-BF4B-00C04F79EFBC}") = "CodeGeneration", "CodeGeneration.csproj", "{8577953A-95EF-4060-BFA3-0323A90E0293}"
EndProject
Global
	GlobalSection(SolutionConfigurationPlatforms) = preSolution
		Debug|Any CPU = Debug|Any CPU
		Release|Any CPU = Release|Any CPU
	EndGlobalSection
	GlobalSection(ProjectConfigurationPlatforms) = postSolution
		{8577953A-95EF-4060-BFA3-0323A90E0293}.Debug|Any CPU.ActiveCfg = Debug|Any CPU
		{8577953A-95EF-4060-BFA3-0323A90E0293}.Debug|Any CPU.Build.0 = Debug|Any CPU
		{8577953A-95EF-4060-BFA3-0323A90E0293}.Release|Any CPU.ActiveCfg = Release|Any CPU
		{8577953A-95EF-4060-BFA3-0323A90E0293}.Release|Any CPU.Build.0 = Release|Any CPU
	EndGlobalSection
	GlobalSection(SolutionProperties) = preSolution
		HideSolutionNode = FALSE
	EndGlobalSection
	GlobalSection(ExtensibilityGlobals) = postSolution
		SolutionGuid = {18EA2DEA-2C34-40E8-AD63-3D6288F1C187}
	EndGlobalSection
EndGlobal
